// !$*UTF8*$!
{
	archiveVersion = 1;
	classes = {
	};
	objectVersion = 46;
	objects = {

/* Begin PBXBuildFile section */
		1CD41516EAB2C0DE1EC95834 /* libPods-FKLoginViewDemo.a in Frameworks */ = {isa = PBXBuildFile; fileRef = 5145CD9041FCCCC502F423C7 /* libPods-FKLoginViewDemo.a */; };
		79CD155F1CCF3F79001DF1CE /* main.m in Sources */ = {isa = PBXBuildFile; fileRef = 79CD155E1CCF3F79001DF1CE /* main.m */; };
		79CD15621CCF3F79001DF1CE /* AppDelegate.m in Sources */ = {isa = PBXBuildFile; fileRef = 79CD15611CCF3F79001DF1CE /* AppDelegate.m */; };
		79CD15651CCF3F79001DF1CE /* ViewController.m in Sources */ = {isa = PBXBuildFile; fileRef = 79CD15641CCF3F79001DF1CE /* ViewController.m */; };
		79CD15681CCF3F79001DF1CE /* Main.storyboard in Resources */ = {isa = PBXBuildFile; fileRef = 79CD15661CCF3F79001DF1CE /* Main.storyboard */; };
		79CD156A1CCF3F79001DF1CE /* Assets.xcassets in Resources */ = {isa = PBXBuildFile; fileRef = 79CD15691CCF3F79001DF1CE /* Assets.xcassets */; };
		79CD156D1CCF3F79001DF1CE /* LaunchScreen.storyboard in Resources */ = {isa = PBXBuildFile; fileRef = 79CD156B1CCF3F79001DF1CE /* LaunchScreen.storyboard */; };
		79CD15781CCF4088001DF1CE /* FKLoadingButton.m in Sources */ = {isa = PBXBuildFile; fileRef = 79CD15751CCF4088001DF1CE /* FKLoadingButton.m */; };
		79CD15791CCF4088001DF1CE /* FKTextField.m in Sources */ = {isa = PBXBuildFile; fileRef = 79CD15771CCF4088001DF1CE /* FKTextField.m */; };
/* End PBXBuildFile section */

/* Begin PBXFileReference section */
		5145CD9041FCCCC502F423C7 /* libPods-FKLoginViewDemo.a */ = {isa = PBXFileReference; explicitFileType = archive.ar; includeInIndex = 0; path = "libPods-FKLoginViewDemo.a"; sourceTree = BUILT_PRODUCTS_DIR; };
		79CD155A1CCF3F79001DF1CE /* FKLoginViewDemo.app */ = {isa = PBXFileReference; explicitFileType = wrapper.application; includeInIndex = 0; path = FKLoginViewDemo.app; sourceTree = BUILT_PRODUCTS_DIR; };
		79CD155E1CCF3F79001DF1CE /* main.m */ = {isa = PBXFileReference; lastKnownFileType = sourcecode.c.objc; path = main.m; sourceTree = "<group>"; };
		79CD15601CCF3F79001DF1CE /* AppDelegate.h */ = {isa = PBXFileReference; lastKnownFileType = sourcecode.c.h; path = AppDelegate.h; sourceTree = "<group>"; };
		79CD15611CCF3F79001DF1CE /* AppDelegate.m */ = {isa = PBXFileReference; lastKnownFileType = sourcecode.c.objc; path = AppDelegate.m; sourceTree = "<group>"; };
		79CD15631CCF3F79001DF1CE /* ViewController.h */ = {isa = PBXFileReference; lastKnownFileType = sourcecode.c.h; path = ViewController.h; sourceTree = "<group>"; };
		79CD15641CCF3F79001DF1CE /* ViewController.m */ = {isa = PBXFileReference; lastKnownFileType = sourcecode.c.objc; path = ViewController.m; sourceTree = "<group>"; };
		79CD15671CCF3F79001DF1CE /* Base */ = {isa = PBXFileReference; lastKnownFileType = file.storyboard; name = Base; path = Base.lproj/Main.storyboard; sourceTree = "<group>"; };
		79CD15691CCF3F79001DF1CE /* Assets.xcassets */ = {isa = PBXFileReference; lastKnownFileType = folder.assetcatalog; path = Assets.xcassets; sourceTree = "<group>"; };
		79CD156C1CCF3F79001DF1CE /* Base */ = {isa = PBXFileReference; lastKnownFileType = file.storyboard; name = Base; path = Base.lproj/LaunchScreen.storyboard; sourceTree = "<group>"; };
		79CD156E1CCF3F79001DF1CE /* Info.plist */ = {isa = PBXFileReference; lastKnownFileType = text.plist.xml; path = Info.plist; sourceTree = "<group>"; };
		79CD15741CCF4088001DF1CE /* FKLoadingButton.h */ = {isa = PBXFileReference; fileEncoding = 4; lastKnownFileType = sourcecode.c.h; path = FKLoadingButton.h; sourceTree = "<group>"; };
		79CD15751CCF4088001DF1CE /* FKLoadingButton.m */ = {isa = PBXFileReference; fileEncoding = 4; lastKnownFileType = sourcecode.c.objc; path = FKLoadingButton.m; sourceTree = "<group>"; };
		79CD15761CCF4088001DF1CE /* FKTextField.h */ = {isa = PBXFileReference; fileEncoding = 4; lastKnownFileType = sourcecode.c.h; path = FKTextField.h; sourceTree = "<group>"; };
		79CD15771CCF4088001DF1CE /* FKTextField.m */ = {isa = PBXFileReference; fileEncoding = 4; lastKnownFileType = sourcecode.c.objc; path = FKTextField.m; sourceTree = "<group>"; };
		88FC55693BE94C3A32374191 /* Pods-FKLoginViewDemo.release.xcconfig */ = {isa = PBXFileReference; includeInIndex = 1; lastKnownFileType = text.xcconfig; name = "Pods-FKLoginViewDemo.release.xcconfig"; path = "Pods/Target Support Files/Pods-FKLoginViewDemo/Pods-FKLoginViewDemo.release.xcconfig"; sourceTree = "<group>"; };
		BDB2827CD8D2AE153834BF48 /* Pods-FKLoginViewDemo.debug.xcconfig */ = {isa = PBXFileReference; includeInIndex = 1; lastKnownFileType = text.xcconfig; name = "Pods-FKLoginViewDemo.debug.xcconfig"; path = "Pods/Target Support Files/Pods-FKLoginViewDemo/Pods-FKLoginViewDemo.debug.xcconfig"; sourceTree = "<group>"; };
/* End PBXFileReference section */

/* Begin PBXFrameworksBuildPhase section */
		79CD15571CCF3F79001DF1CE /* Frameworks */ = {
			isa = PBXFrameworksBuildPhase;
			buildActionMask = 2147483647;
			files = (
				1CD41516EAB2C0DE1EC95834 /* libPods-FKLoginViewDemo.a in Frameworks */,
			);
			runOnlyForDeploymentPostprocessing = 0;
		};
/* End PBXFrameworksBuildPhase section */

/* Begin PBXGroup section */
		79CD15511CCF3F79001DF1CE = {
			isa = PBXGroup;
			children = (
				79CD155C1CCF3F79001DF1CE /* FKLoginViewDemo */,
				79CD155B1CCF3F79001DF1CE /* Products */,
				F9157805CD01C278684548E0 /* Pods */,
				A5388EC0C25C91DA3AA40E49 /* Frameworks */,
			);
			sourceTree = "<group>";
		};
		79CD155B1CCF3F79001DF1CE /* Products */ = {
			isa = PBXGroup;
			children = (
				79CD155A1CCF3F79001DF1CE /* FKLoginViewDemo.app */,
			);
			name = Products;
			sourceTree = "<group>";
		};
		79CD155C1CCF3F79001DF1CE /* FKLoginViewDemo */ = {
			isa = PBXGroup;
			children = (
				79CD15601CCF3F79001DF1CE /* AppDelegate.h */,
				79CD15611CCF3F79001DF1CE /* AppDelegate.m */,
				79CD15631CCF3F79001DF1CE /* ViewController.h */,
				79CD15641CCF3F79001DF1CE /* ViewController.m */,
				79CD15741CCF4088001DF1CE /* FKLoadingButton.h */,
				79CD15751CCF4088001DF1CE /* FKLoadingButton.m */,
				79CD15761CCF4088001DF1CE /* FKTextField.h */,
				79CD15771CCF4088001DF1CE /* FKTextField.m */,
				79CD15661CCF3F79001DF1CE /* Main.storyboard */,
				79CD15691CCF3F79001DF1CE /* Assets.xcassets */,
				79CD156B1CCF3F79001DF1CE /* LaunchScreen.storyboard */,
				79CD156E1CCF3F79001DF1CE /* Info.plist */,
				79CD155D1CCF3F79001DF1CE /* Supporting Files */,
			);
			path = FKLoginViewDemo;
			sourceTree = "<group>";
		};
		79CD155D1CCF3F79001DF1CE /* Supporting Files */ = {
			isa = PBXGroup;
			children = (
				79CD155E1CCF3F79001DF1CE /* main.m */,
			);
			name = "Supporting Files";
			sourceTree = "<group>";
		};
		A5388EC0C25C91DA3AA40E49 /* Frameworks */ = {
			isa = PBXGroup;
			children = (
				5145CD9041FCCCC502F423C7 /* libPods-FKLoginViewDemo.a */,
			);
			name = Frameworks;
			sourceTree = "<group>";
		};
		F9157805CD01C278684548E0 /* Pods */ = {
			isa = PBXGroup;
			children = (
				BDB2827CD8D2AE153834BF48 /* Pods-FKLoginViewDemo.debug.xcconfig */,
				88FC55693BE94C3A32374191 /* Pods-FKLoginViewDemo.release.xcconfig */,
			);
			name = Pods;
			sourceTree = "<group>";
		};
/* End PBXGroup section */

/* Begin PBXNativeTarget section */
		79CD15591CCF3F79001DF1CE /* FKLoginViewDemo */ = {
			isa = PBXNativeTarget;
			buildConfigurationList = 79CD15711CCF3F79001DF1CE /* Build configuration list for PBXNativeTarget "FKLoginViewDemo" */;
			buildPhases = (
				8674C636510B09CA2EBEFC51 /* Check Pods Manifest.lock */,
				79CD15561CCF3F79001DF1CE /* Sources */,
				79CD15571CCF3F79001DF1CE /* Frameworks */,
				79CD15581CCF3F79001DF1CE /* Resources */,
				BA10244A0C195A47F5E55B36 /* Embed Pods Frameworks */,
				3DE293551555C6CB7B821F7D /* Copy Pods Resources */,
			);
			buildRules = (
			);
			dependencies = (
			);
			name = FKLoginViewDemo;
			productName = FKLoginViewDemo;
			productReference = 79CD155A1CCF3F79001DF1CE /* FKLoginViewDemo.app */;
			productType = "com.apple.product-type.application";
		};
/* End PBXNativeTarget section */

/* Begin PBXProject section */
		79CD15521CCF3F79001DF1CE /* Project object */ = {
			isa = PBXProject;
			attributes = {
				LastUpgradeCheck = 0730;
				ORGANIZATIONNAME = Fujun;
				TargetAttributes = {
					79CD15591CCF3F79001DF1CE = {
						CreatedOnToolsVersion = 7.3;
					};
				};
			};
			buildConfigurationList = 79CD15551CCF3F79001DF1CE /* Build configuration list for PBXProject "FKLoginViewDemo" */;
			compatibilityVersion = "Xcode 3.2";
			developmentRegion = English;
			hasScannedForEncodings = 0;
			knownRegions = (
				en,
				Base,
			);
			mainGroup = 79CD15511CCF3F79001DF1CE;
			productRefGroup = 79CD155B1CCF3F79001DF1CE /* Products */;
			projectDirPath = "";
			projectRoot = "";
			targets = (
				79CD15591CCF3F79001DF1CE /* FKLoginViewDemo */,
			);
		};
/* End PBXProject section */

/* Begin PBXResourcesBuildPhase section */
		79CD15581CCF3F79001DF1CE /* Resources */ = {
			isa = PBXResourcesBuildPhase;
			buildActionMask = 2147483647;
			files = (
				79CD156D1CCF3F79001DF1CE /* LaunchScreen.storyboard in Resources */,
				79CD156A1CCF3F79001DF1CE /* Assets.xcassets in Resources */,
				79CD15681CCF3F79001DF1CE /* Main.storyboard in Resources */,
			);
			runOnlyForDeploymentPostprocessing = 0;
		};
/* End PBXResourcesBuildPhase section */

/* Begin PBXShellScriptBuildPhase section */
		3DE293551555C6CB7B821F7D /* Copy Pods Resources */ = {
			isa = PBXShellScriptBuildPhase;
			buildActionMask = 2147483647;
			files = (
			);
			inputPaths = (
			);
			name = "Copy Pods Resources";
			outputPaths = (
			);
			runOnlyForDeploymentPostprocessing = 0;
			shellPath = /bin/sh;
			shellScript = "\"${SRCROOT}/Pods/Target Support Files/Pods-FKLoginViewDemo/Pods-FKLoginViewDemo-resources.sh\"\n";
			showEnvVarsInLog = 0;
		};
		8674C636510B09CA2EBEFC51 /* Check Pods Manifest.lock */ = {
			isa = PBXShellScriptBuildPhase;
			buildActionMask = 2147483647;
			files = (
			);
			inputPaths = (
			);
			name = "Check Pods Manifest.lock";
			outputPaths = (
			);
			runOnlyForDeploymentPostprocessing = 0;
			shellPath = /bin/sh;
			shellScript = "diff \"${PODS_ROOT}/../Podfile.lock\" \"${PODS_ROOT}/Manifest.lock\" > /dev/null\nif [[ $? != 0 ]] ; then\n    cat << EOM\nerror: The sandbox is not in sync with the Podfile.lock. Run 'pod install' or update your CocoaPods installation.\nEOM\n    exit 1\nfi\n";
			showEnvVarsInLog = 0;
		};
		BA10244A0C195A47F5E55B36 /* Embed Pods Frameworks */ = {
			isa = PBXShellScriptBuildPhase;
			buildActionMask = 2147483647;
			files = (
			);
			inputPaths = (
			);
			name = "Embed Pods Frameworks";
			outputPaths = (
			);
			runOnlyForDeploymentPostprocessing = 0;
			shellPath = /bin/sh;
			shellScript = "\"${SRCROOT}/Pods/Target Support Files/Pods-FKLoginViewDemo/Pods-FKLoginViewDemo-frameworks.sh\"\n";
			showEnvVarsInLog = 0;
		};
/* End PBXShellScriptBuildPhase section */

/* Begin PBXSourcesBuildPhase section */
		79CD15561CCF3F79001DF1CE /* Sources */ = {
			isa = PBXSourcesBuildPhase;
			buildActionMask = 2147483647;
			files = (
				79CD15651CCF3F79001DF1CE /* ViewController.m in Sources */,
				79CD15621CCF3F79001DF1CE /* AppDelegate.m in Sources */,
				79CD155F1CCF3F79001DF1CE /* main.m in Sources */,
				79CD15791CCF4088001DF1CE /* FKTextField.m in Sources */,
				79CD15781CCF4088001DF1CE /* FKLoadingButton.m in Sources */,
			);
			runOnlyForDeploymentPostprocessing = 0;
		};
/* End PBXSourcesBuildPhase section */

/* Begin PBXVariantGroup section */
		79CD15661CCF3F79001DF1CE /* Main.storyboard */ = {
			isa = PBXVariantGroup;
			children = (
				79CD15671CCF3F79001DF1CE /* Base */,
			);
			name = Main.storyboard;
			sourceTree = "<group>";
		};
		79CD156B1CCF3F79001DF1CE /* LaunchScreen.storyboard */ = {
			isa = PBXVariantGroup;
			children = (
				79CD156C1CCF3F79001DF1CE /* Base */,
			);
			name = LaunchScreen.storyboard;
			sourceTree = "<group>";
		};
/* End PBXVariantGroup section */

/* Begin XCBuildConfiguration section */
		79CD156F1CCF3F79001DF1CE /* Debug */ = {
			isa = XCBuildConfiguration;
			buildSettings = {
				ALWAYS_SEARCH_USER_PATHS = NO;
				CLANG_ANALYZER_NONNULL = YES;
				CLANG_CXX_LANGUAGE_STANDARD = "gnu++0x";
				CLANG_CXX_LIBRARY = "libc++";
				CLANG_ENABLE_MODULES = YES;
				CLANG_ENABLE_OBJC_ARC = YES;
				CLANG_WARN_BOOL_CONVERSION = YES;
				CLANG_WARN_CONSTANT_CONVERSION = YES;
				CLANG_WARN_DIRECT_OBJC_ISA_USAGE = YES_ERROR;
				CLANG_WARN_EMPTY_BODY = YES;
				CLANG_WARN_ENUM_CONVERSION = YES;
				CLANG_WARN_INT_CONVERSION = YES;
				CLANG_WARN_OBJC_ROOT_CLASS = YES_ERROR;
				CLANG_WARN_UNREACHABLE_CODE = YES;
				CLANG_WARN__DUPLICATE_METHOD_MATCH = YES;
				"CODE_SIGN_IDENTITY[sdk=iphoneos*]" = "iPhone Developer";
				COPY_PHASE_STRIP = NO;
				DEBUG_INFORMATION_FORMAT = dwarf;
				ENABLE_STRICT_OBJC_MSGSEND = YES;
				ENABLE_TESTABILITY = YES;
				GCC_C_LANGUAGE_STANDARD = gnu99;
				GCC_DYNAMIC_NO_PIC = NO;
				GCC_NO_COMMON_BLOCKS = YES;
				GCC_OPTIMIZATION_LEVEL = 0;
				GCC_PREPROCESSOR_DEFINITIONS = (
					"DEBUG=1",
					"$(inherited)",
				);
				GCC_WARN_64_TO_32_BIT_CONVERSION = YES;
				GCC_WARN_ABOUT_RETURN_TYPE = YES_ERROR;
				GCC_WARN_UNDECLARED_SELECTOR = YES;
				GCC_WARN_UNINITIALIZED_AUTOS = YES_AGGRESSIVE;
				GCC_WARN_UNUSED_FUNCTION = YES;
				GCC_WARN_UNUSED_VARIABLE = YES;
				IPHONEOS_DEPLOYMENT_TARGET = 9.3;
				MTL_ENABLE_DEBUG_INFO = YES;
				ONLY_ACTIVE_ARCH = YES;
				SDKROOT = iphoneos;
			};
			name = Debug;
		};
		79CD15701CCF3F79001DF1CE /* Release */ = {
			isa = XCBuildConfiguration;
			buildSettings = {
				ALWAYS_SEARCH_USER_PATHS = NO;
				CLANG_ANALYZER_NONNULL = YES;
				CLANG_CXX_LANGUAGE_STANDARD = "gnu++0x";
				CLANG_CXX_LIBRARY = "libc++";
				CLANG_ENABLE_MODULES = YES;
				CLANG_ENABLE_OBJC_ARC = YES;
				CLANG_WARN_BOOL_CONVERSION = YES;
				CLANG_WARN_CONSTANT_CONVERSION = YES;
				CLANG_WARN_DIRECT_OBJC_ISA_USAGE = YES_ERROR;
				CLANG_WARN_EMPTY_BODY = YES;
				CLANG_WARN_ENUM_CONVERSION = YES;
				CLANG_WARN_INT_CONVERSION = YES;
				CLANG_WARN_OBJC_ROOT_CLASS = YES_ERROR;
				CLANG_WARN_UNREACHABLE_CODE = YES;
				CLANG_WARN__DUPLICATE_METHOD_MATCH = YES;
				"CODE_SIGN_IDENTITY[sdk=iphoneos*]" = "iPhone Developer";
				COPY_PHASE_STRIP = NO;
				DEBUG_INFORMATION_FORMAT = "dwarf-with-dsym";
				ENABLE_NS_ASSERTIONS = NO;
				ENABLE_STRICT_OBJC_MSGSEND = YES;
				GCC_C_LANGUAGE_STANDARD = gnu99;
				GCC_NO_COMMON_BLOCKS = YES;
				GCC_WARN_64_TO_32_BIT_CONVERSION = YES;
				GCC_WARN_ABOUT_RETURN_TYPE = YES_ERROR;
				GCC_WARN_UNDECLARED_SELECTOR = YES;
				GCC_WARN_UNINITIALIZED_AUTOS = YES_AGGRESSIVE;
				GCC_WARN_UNUSED_FUNCTION = YES;
				GCC_WARN_UNUSED_VARIABLE = YES;
				IPHONEOS_DEPLOYMENT_TARGET = 9.3;
				MTL_ENABLE_DEBUG_INFO = NO;
				SDKROOT = iphoneos;
				VALIDATE_PRODUCT = YES;
			};
			name = Release;
		};
		79CD15721CCF3F79001DF1CE /* Debug */ = {
			isa = XCBuildConfiguration;
			baseConfigurationReference = BDB2827CD8D2AE153834BF48 /* Pods-FKLoginViewDemo.debug.xcconfig */;
			buildSettings = {
				ASSETCATALOG_COMPILER_APPICON_NAME = AppIcon;
				INFOPLIST_FILE = FKLoginViewDemo/Info.plist;
				LD_RUNPATH_SEARCH_PATHS = "$(inherited) @executable_path/Frameworks";
				PRODUCT_BUNDLE_IDENTIFIER = com.ifujun.FKLoginViewDemo;
				PRODUCT_NAME = "$(TARGET_NAME)";
			};
			name = Debug;
		};
		79CD15731CCF3F79001DF1CE /* Release */ = {
			isa = XCBuildConfiguration;
			baseConfigurationReference = 88FC55693BE94C3A32374191 /* Pods-FKLoginViewDemo.release.xcconfig */;
			buildSettings = {
				ASSETCATALOG_COMPILER_APPICON_NAME = AppIcon;
				INFOPLIST_FILE = FKLoginViewDemo/Info.plist;
				LD_RUNPATH_SEARCH_PATHS = "$(inherited) @executable_path/Frameworks";
				PRODUCT_BUNDLE_IDENTIFIER = com.ifujun.FKLoginViewDemo;
				PRODUCT_NAME = "$(TARGET_NAME)";
			};
			name = Release;
		};
/* End XCBuildConfiguration section */

/* Begin XCConfigurationList section */
		79CD15551CCF3F79001DF1CE /* Build configuration list for PBXProject "FKLoginViewDemo" */ = {
			isa = XCConfigurationList;
			buildConfigurations = (
				79CD156F1CCF3F79001DF1CE /* Debug */,
				79CD15701CCF3F79001DF1CE /* Release */,
			);
			defaultConfigurationIsVisible = 0;
			defaultConfigurationName = Release;
		};
		79CD15711CCF3F79001DF1CE /* Build configuration list for PBXNativeTarget "FKLoginViewDemo" */ = {
			isa = XCConfigurationList;
			buildConfigurations = (
				79CD15721CCF3F79001DF1CE /* Debug */,
				79CD15731CCF3F79001DF1CE /* Release */,
			);
			defaultConfigurationIsVisible = 0;
			defaultConfigurationName = Release;
		};
/* End XCConfigurationList section */
	};
	rootObject = 79CD15521CCF3F79001DF1CE /* Project object */;
}
